// !$*UTF8*$!
{
	archiveVersion = 1;
	classes = {
	};
	objectVersion = 56;
	objects = {

/* Begin PBXBuildFile section */
		373F25A32A69FE1E0009F1AA /* AppDelegate.swift in Sources */ = {isa = PBXBuildFile; fileRef = 373F25A22A69FE1E0009F1AA /* AppDelegate.swift */; };
		373F25A52A69FE1E0009F1AA /* SceneDelegate.swift in Sources */ = {isa = PBXBuildFile; fileRef = 373F25A42A69FE1E0009F1AA /* SceneDelegate.swift */; };
		373F25A72A69FE1E0009F1AA /* ViewController.swift in Sources */ = {isa = PBXBuildFile; fileRef = 373F25A62A69FE1E0009F1AA /* ViewController.swift */; };
		373F25AA2A69FE1E0009F1AA /* Main.storyboard in Resources */ = {isa = PBXBuildFile; fileRef = 373F25A82A69FE1E0009F1AA /* Main.storyboard */; };
		373F25AC2A69FE1F0009F1AA /* Assets.xcassets in Resources */ = {isa = PBXBuildFile; fileRef = 373F25AB2A69FE1F0009F1AA /* Assets.xcassets */; };
		373F25AF2A69FE1F0009F1AA /* LaunchScreen.storyboard in Resources */ = {isa = PBXBuildFile; fileRef = 373F25AD2A69FE1F0009F1AA /* LaunchScreen.storyboard */; };
		373F25BA2A69FE1F0009F1AA /* vip_cTests.swift in Sources */ = {isa = PBXBuildFile; fileRef = 373F25B92A69FE1F0009F1AA /* vip_cTests.swift */; };
		373F25C42A69FE1F0009F1AA /* vip_cUITests.swift in Sources */ = {isa = PBXBuildFile; fileRef = 373F25C32A69FE1F0009F1AA /* vip_cUITests.swift */; };
		373F25C62A69FE1F0009F1AA /* vip_cUITestsLaunchTests.swift in Sources */ = {isa = PBXBuildFile; fileRef = 373F25C52A69FE1F0009F1AA /* vip_cUITestsLaunchTests.swift */; };
/* End PBXBuildFile section */

/* Begin PBXContainerItemProxy section */
		373F25B62A69FE1F0009F1AA /* PBXContainerItemProxy */ = {
			isa = PBXContainerItemProxy;
			containerPortal = 373F25972A69FE1E0009F1AA /* Project object */;
			proxyType = 1;
			remoteGlobalIDString = 373F259E2A69FE1E0009F1AA;
			remoteInfo = "vip-c";
		};
		373F25C02A69FE1F0009F1AA /* PBXContainerItemProxy */ = {
			isa = PBXContainerItemProxy;
			containerPortal = 373F25972A69FE1E0009F1AA /* Project object */;
			proxyType = 1;
			remoteGlobalIDString = 373F259E2A69FE1E0009F1AA;
			remoteInfo = "vip-c";
		};
/* End PBXContainerItemProxy section */

/* Begin PBXFileReference section */
		373F259F2A69FE1E0009F1AA /* vip-c.app */ = {isa = PBXFileReference; explicitFileType = wrapper.application; includeInIndex = 0; path = "vip-c.app"; sourceTree = BUILT_PRODUCTS_DIR; };
		373F25A22A69FE1E0009F1AA /* AppDelegate.swift */ = {isa = PBXFileReference; lastKnownFileType = sourcecode.swift; path = AppDelegate.swift; sourceTree = "<group>"; };
		373F25A42A69FE1E0009F1AA /* SceneDelegate.swift */ = {isa = PBXFileReference; lastKnownFileType = sourcecode.swift; path = SceneDelegate.swift; sourceTree = "<group>"; };
		373F25A62A69FE1E0009F1AA /* ViewController.swift */ = {isa = PBXFileReference; lastKnownFileType = sourcecode.swift; path = ViewController.swift; sourceTree = "<group>"; };
		373F25A92A69FE1E0009F1AA /* Base */ = {isa = PBXFileReference; lastKnownFileType = file.storyboard; name = Base; path = Base.lproj/Main.storyboard; sourceTree = "<group>"; };
		373F25AB2A69FE1F0009F1AA /* Assets.xcassets */ = {isa = PBXFileReference; lastKnownFileType = folder.assetcatalog; path = Assets.xcassets; sourceTree = "<group>"; };
		373F25AE2A69FE1F0009F1AA /* Base */ = {isa = PBXFileReference; lastKnownFileType = file.storyboard; name = Base; path = Base.lproj/LaunchScreen.storyboard; sourceTree = "<group>"; };
		373F25B02A69FE1F0009F1AA /* Info.plist */ = {isa = PBXFileReference; lastKnownFileType = text.plist.xml; path = Info.plist; sourceTree = "<group>"; };
		373F25B52A69FE1F0009F1AA /* vip-cTests.xctest */ = {isa = PBXFileReference; explicitFileType = wrapper.cfbundle; includeInIndex = 0; path = "vip-cTests.xctest"; sourceTree = BUILT_PRODUCTS_DIR; };
		373F25B92A69FE1F0009F1AA /* vip_cTests.swift */ = {isa = PBXFileReference; lastKnownFileType = sourcecode.swift; path = vip_cTests.swift; sourceTree = "<group>"; };
		373F25BF2A69FE1F0009F1AA /* vip-cUITests.xctest */ = {isa = PBXFileReference; explicitFileType = wrapper.cfbundle; includeInIndex = 0; path = "vip-cUITests.xctest"; sourceTree = BUILT_PRODUCTS_DIR; };
		373F25C32A69FE1F0009F1AA /* vip_cUITests.swift */ = {isa = PBXFileReference; lastKnownFileType = sourcecode.swift; path = vip_cUITests.swift; sourceTree = "<group>"; };
		373F25C52A69FE1F0009F1AA /* vip_cUITestsLaunchTests.swift */ = {isa = PBXFileReference; lastKnownFileType = sourcecode.swift; path = vip_cUITestsLaunchTests.swift; sourceTree = "<group>"; };
/* End PBXFileReference section */

/* Begin PBXFrameworksBuildPhase section */
		373F259C2A69FE1E0009F1AA /* Frameworks */ = {
			isa = PBXFrameworksBuildPhase;
			buildActionMask = 2147483647;
			files = (
			);
			runOnlyForDeploymentPostprocessing = 0;
		};
		373F25B22A69FE1F0009F1AA /* Frameworks */ = {
			isa = PBXFrameworksBuildPhase;
			buildActionMask = 2147483647;
			files = (
			);
			runOnlyForDeploymentPostprocessing = 0;
		};
		373F25BC2A69FE1F0009F1AA /* Frameworks */ = {
			isa = PBXFrameworksBuildPhase;
			buildActionMask = 2147483647;
			files = (
			);
			runOnlyForDeploymentPostprocessing = 0;
		};
/* End PBXFrameworksBuildPhase section */

/* Begin PBXGroup section */
		373F25962A69FE1E0009F1AA = {
			isa = PBXGroup;
			children = (
				373F25A12A69FE1E0009F1AA /* vip-c */,
				373F25B82A69FE1F0009F1AA /* vip-cTests */,
				373F25C22A69FE1F0009F1AA /* vip-cUITests */,
				373F25A02A69FE1E0009F1AA /* Products */,
			);
			sourceTree = "<group>";
		};
		373F25A02A69FE1E0009F1AA /* Products */ = {
			isa = PBXGroup;
			children = (
				373F259F2A69FE1E0009F1AA /* vip-c.app */,
				373F25B52A69FE1F0009F1AA /* vip-cTests.xctest */,
				373F25BF2A69FE1F0009F1AA /* vip-cUITests.xctest */,
			);
			name = Products;
			sourceTree = "<group>";
		};
		373F25A12A69FE1E0009F1AA /* vip-c */ = {
			isa = PBXGroup;
			children = (
				373F25A22A69FE1E0009F1AA /* AppDelegate.swift */,
				373F25A42A69FE1E0009F1AA /* SceneDelegate.swift */,
				373F25A62A69FE1E0009F1AA /* ViewController.swift */,
				373F25A82A69FE1E0009F1AA /* Main.storyboard */,
				373F25AB2A69FE1F0009F1AA /* Assets.xcassets */,
				373F25AD2A69FE1F0009F1AA /* LaunchScreen.storyboard */,
				373F25B02A69FE1F0009F1AA /* Info.plist */,
			);
			path = "vip-c";
			sourceTree = "<group>";
		};
		373F25B82A69FE1F0009F1AA /* vip-cTests */ = {
			isa = PBXGroup;
			children = (
				373F25B92A69FE1F0009F1AA /* vip_cTests.swift */,
			);
			path = "vip-cTests";
			sourceTree = "<group>";
		};
		373F25C22A69FE1F0009F1AA /* vip-cUITests */ = {
			isa = PBXGroup;
			children = (
				373F25C32A69FE1F0009F1AA /* vip_cUITests.swift */,
				373F25C52A69FE1F0009F1AA /* vip_cUITestsLaunchTests.swift */,
			);
			path = "vip-cUITests";
			sourceTree = "<group>";
		};
/* End PBXGroup section */

/* Begin PBXNativeTarget section */
		373F259E2A69FE1E0009F1AA /* vip-c */ = {
			isa = PBXNativeTarget;
			buildConfigurationList = 373F25C92A69FE1F0009F1AA /* Build configuration list for PBXNativeTarget "vip-c" */;
			buildPhases = (
				373F259B2A69FE1E0009F1AA /* Sources */,
				373F259C2A69FE1E0009F1AA /* Frameworks */,
				373F259D2A69FE1E0009F1AA /* Resources */,
			);
			buildRules = (
			);
			dependencies = (
			);
			name = "vip-c";
			productName = "vip-c";
			productReference = 373F259F2A69FE1E0009F1AA /* vip-c.app */;
			productType = "com.apple.product-type.application";
		};
		373F25B42A69FE1F0009F1AA /* vip-cTests */ = {
			isa = PBXNativeTarget;
			buildConfigurationList = 373F25CC2A69FE1F0009F1AA /* Build configuration list for PBXNativeTarget "vip-cTests" */;
			buildPhases = (
				373F25B12A69FE1F0009F1AA /* Sources */,
				373F25B22A69FE1F0009F1AA /* Frameworks */,
				373F25B32A69FE1F0009F1AA /* Resources */,
			);
			buildRules = (
			);
			dependencies = (
				373F25B72A69FE1F0009F1AA /* PBXTargetDependency */,
			);
			name = "vip-cTests";
			productName = "vip-cTests";
			productReference = 373F25B52A69FE1F0009F1AA /* vip-cTests.xctest */;
			productType = "com.apple.product-type.bundle.unit-test";
		};
		373F25BE2A69FE1F0009F1AA /* vip-cUITests */ = {
			isa = PBXNativeTarget;
			buildConfigurationList = 373F25CF2A69FE1F0009F1AA /* Build configuration list for PBXNativeTarget "vip-cUITests" */;
			buildPhases = (
				373F25BB2A69FE1F0009F1AA /* Sources */,
				373F25BC2A69FE1F0009F1AA /* Frameworks */,
				373F25BD2A69FE1F0009F1AA /* Resources */,
			);
			buildRules = (
			);
			dependencies = (
				373F25C12A69FE1F0009F1AA /* PBXTargetDependency */,
			);
			name = "vip-cUITests";
			productName = "vip-cUITests";
			productReference = 373F25BF2A69FE1F0009F1AA /* vip-cUITests.xctest */;
			productType = "com.apple.product-type.bundle.ui-testing";
		};
/* End PBXNativeTarget section */

/* Begin PBXProject section */
		373F25972A69FE1E0009F1AA /* Project object */ = {
			isa = PBXProject;
			attributes = {
				BuildIndependentTargetsInParallel = 1;
				LastSwiftUpdateCheck = 1430;
				LastUpgradeCheck = 1430;
				TargetAttributes = {
					373F259E2A69FE1E0009F1AA = {
						CreatedOnToolsVersion = 14.3.1;
					};
					373F25B42A69FE1F0009F1AA = {
						CreatedOnToolsVersion = 14.3.1;
						TestTargetID = 373F259E2A69FE1E0009F1AA;
					};
					373F25BE2A69FE1F0009F1AA = {
						CreatedOnToolsVersion = 14.3.1;
						TestTargetID = 373F259E2A69FE1E0009F1AA;
					};
				};
			};
			buildConfigurationList = 373F259A2A69FE1E0009F1AA /* Build configuration list for PBXProject "vip-c" */;
			compatibilityVersion = "Xcode 14.0";
			developmentRegion = en;
			hasScannedForEncodings = 0;
			knownRegions = (
				en,
				Base,
			);
			mainGroup = 373F25962A69FE1E0009F1AA;
			productRefGroup = 373F25A02A69FE1E0009F1AA /* Products */;
			projectDirPath = "";
			projectRoot = "";
			targets = (
				373F259E2A69FE1E0009F1AA /* vip-c */,
				373F25B42A69FE1F0009F1AA /* vip-cTests */,
				373F25BE2A69FE1F0009F1AA /* vip-cUITests */,
			);
		};
/* End PBXProject section */

/* Begin PBXResourcesBuildPhase section */
		373F259D2A69FE1E0009F1AA /* Resources */ = {
			isa = PBXResourcesBuildPhase;
			buildActionMask = 2147483647;
			files = (
				373F25AF2A69FE1F0009F1AA /* LaunchScreen.storyboard in Resources */,
				373F25AC2A69FE1F0009F1AA /* Assets.xcassets in Resources */,
				373F25AA2A69FE1E0009F1AA /* Main.storyboard in Resources */,
			);
			runOnlyForDeploymentPostprocessing = 0;
		};
		373F25B32A69FE1F0009F1AA /* Resources */ = {
			isa = PBXResourcesBuildPhase;
			buildActionMask = 2147483647;
			files = (
			);
			runOnlyForDeploymentPostprocessing = 0;
		};
		373F25BD2A69FE1F0009F1AA /* Resources */ = {
			isa = PBXResourcesBuildPhase;
			buildActionMask = 2147483647;
			files = (
			);
			runOnlyForDeploymentPostprocessing = 0;
		};
/* End PBXResourcesBuildPhase section */

/* Begin PBXSourcesBuildPhase section */
		373F259B2A69FE1E0009F1AA /* Sources */ = {
			isa = PBXSourcesBuildPhase;
			buildActionMask = 2147483647;
			files = (
				373F25A72A69FE1E0009F1AA /* ViewController.swift in Sources */,
				373F25A32A69FE1E0009F1AA /* AppDelegate.swift in Sources */,
				373F25A52A69FE1E0009F1AA /* SceneDelegate.swift in Sources */,
			);
			runOnlyForDeploymentPostprocessing = 0;
		};
		373F25B12A69FE1F0009F1AA /* Sources */ = {
			isa = PBXSourcesBuildPhase;
			buildActionMask = 2147483647;
			files = (
				373F25BA2A69FE1F0009F1AA /* vip_cTests.swift in Sources */,
			);
			runOnlyForDeploymentPostprocessing = 0;
		};
		373F25BB2A69FE1F0009F1AA /* Sources */ = {
			isa = PBXSourcesBuildPhase;
			buildActionMask = 2147483647;
			files = (
				373F25C62A69FE1F0009F1AA /* vip_cUITestsLaunchTests.swift in Sources */,
				373F25C42A69FE1F0009F1AA /* vip_cUITests.swift in Sources */,
			);
			runOnlyForDeploymentPostprocessing = 0;
		};
/* End PBXSourcesBuildPhase section */

/* Begin PBXTargetDependency section */
		373F25B72A69FE1F0009F1AA /* PBXTargetDependency */ = {
			isa = PBXTargetDependency;
			target = 373F259E2A69FE1E0009F1AA /* vip-c */;
			targetProxy = 373F25B62A69FE1F0009F1AA /* PBXContainerItemProxy */;
		};
		373F25C12A69FE1F0009F1AA /* PBXTargetDependency */ = {
			isa = PBXTargetDependency;
			target = 373F259E2A69FE1E0009F1AA /* vip-c */;
			targetProxy = 373F25C02A69FE1F0009F1AA /* PBXContainerItemProxy */;
		};
/* End PBXTargetDependency section */

/* Begin PBXVariantGroup section */
		373F25A82A69FE1E0009F1AA /* Main.storyboard */ = {
			isa = PBXVariantGroup;
			children = (
				373F25A92A69FE1E0009F1AA /* Base */,
			);
			name = Main.storyboard;
			sourceTree = "<group>";
		};
		373F25AD2A69FE1F0009F1AA /* LaunchScreen.storyboard */ = {
			isa = PBXVariantGroup;
			children = (
				373F25AE2A69FE1F0009F1AA /* Base */,
			);
			name = LaunchScreen.storyboard;
			sourceTree = "<group>";
		};
/* End PBXVariantGroup section */

/* Begin XCBuildConfiguration section */
		373F25C72A69FE1F0009F1AA /* Debug */ = {
			isa = XCBuildConfiguration;
			buildSettings = {
				ALWAYS_SEARCH_USER_PATHS = NO;
				CLANG_ANALYZER_NONNULL = YES;
				CLANG_ANALYZER_NUMBER_OBJECT_CONVERSION = YES_AGGRESSIVE;
				CLANG_CXX_LANGUAGE_STANDARD = "gnu++20";
				CLANG_ENABLE_MODULES = YES;
				CLANG_ENABLE_OBJC_ARC = YES;
				CLANG_ENABLE_OBJC_WEAK = YES;
				CLANG_WARN_BLOCK_CAPTURE_AUTORELEASING = YES;
				CLANG_WARN_BOOL_CONVERSION = YES;
				CLANG_WARN_COMMA = YES;
				CLANG_WARN_CONSTANT_CONVERSION = YES;
				CLANG_WARN_DEPRECATED_OBJC_IMPLEMENTATIONS = YES;
				CLANG_WARN_DIRECT_OBJC_ISA_USAGE = YES_ERROR;
				CLANG_WARN_DOCUMENTATION_COMMENTS = YES;
				CLANG_WARN_EMPTY_BODY = YES;
				CLANG_WARN_ENUM_CONVERSION = YES;
				CLANG_WARN_INFINITE_RECURSION = YES;
				CLANG_WARN_INT_CONVERSION = YES;
				CLANG_WARN_NON_LITERAL_NULL_CONVERSION = YES;
				CLANG_WARN_OBJC_IMPLICIT_RETAIN_SELF = YES;
				CLANG_WARN_OBJC_LITERAL_CONVERSION = YES;
				CLANG_WARN_OBJC_ROOT_CLASS = YES_ERROR;
				CLANG_WARN_QUOTED_INCLUDE_IN_FRAMEWORK_HEADER = YES;
				CLANG_WARN_RANGE_LOOP_ANALYSIS = YES;
				CLANG_WARN_STRICT_PROTOTYPES = YES;
				CLANG_WARN_SUSPICIOUS_MOVE = YES;
				CLANG_WARN_UNGUARDED_AVAILABILITY = YES_AGGRESSIVE;
				CLANG_WARN_UNREACHABLE_CODE = YES;
				CLANG_WARN__DUPLICATE_METHOD_MATCH = YES;
				COPY_PHASE_STRIP = NO;
				DEBUG_INFORMATION_FORMAT = dwarf;
				ENABLE_STRICT_OBJC_MSGSEND = YES;
				ENABLE_TESTABILITY = YES;
				GCC_C_LANGUAGE_STANDARD = gnu11;
				GCC_DYNAMIC_NO_PIC = NO;
				GCC_NO_COMMON_BLOCKS = YES;
				GCC_OPTIMIZATION_LEVEL = 0;
				GCC_PREPROCESSOR_DEFINITIONS = (
					"DEBUG=1",
					"$(inherited)",
				);
				GCC_WARN_64_TO_32_BIT_CONVERSION = YES;
				GCC_WARN_ABOUT_RETURN_TYPE = YES_ERROR;
				GCC_WARN_UNDECLARED_SELECTOR = YES;
				GCC_WARN_UNINITIALIZED_AUTOS = YES_AGGRESSIVE;
				GCC_WARN_UNUSED_FUNCTION = YES;
				GCC_WARN_UNUSED_VARIABLE = YES;
				IPHONEOS_DEPLOYMENT_TARGET = 16.4;
				MTL_ENABLE_DEBUG_INFO = INCLUDE_SOURCE;
				MTL_FAST_MATH = YES;
				ONLY_ACTIVE_ARCH = YES;
				SDKROOT = iphoneos;
				SWIFT_ACTIVE_COMPILATION_CONDITIONS = DEBUG;
				SWIFT_OPTIMIZATION_LEVEL = "-Onone";
			};
			name = Debug;
		};
		373F25C82A69FE1F0009F1AA /* Release */ = {
			isa = XCBuildConfiguration;
			buildSettings = {
				ALWAYS_SEARCH_USER_PATHS = NO;
				CLANG_ANALYZER_NONNULL = YES;
				CLANG_ANALYZER_NUMBER_OBJECT_CONVERSION = YES_AGGRESSIVE;
				CLANG_CXX_LANGUAGE_STANDARD = "gnu++20";
				CLANG_ENABLE_MODULES = YES;
				CLANG_ENABLE_OBJC_ARC = YES;
				CLANG_ENABLE_OBJC_WEAK = YES;
				CLANG_WARN_BLOCK_CAPTURE_AUTORELEASING = YES;
				CLANG_WARN_BOOL_CONVERSION = YES;
				CLANG_WARN_COMMA = YES;
				CLANG_WARN_CONSTANT_CONVERSION = YES;
				CLANG_WARN_DEPRECATED_OBJC_IMPLEMENTATIONS = YES;
				CLANG_WARN_DIRECT_OBJC_ISA_USAGE = YES_ERROR;
				CLANG_WARN_DOCUMENTATION_COMMENTS = YES;
				CLANG_WARN_EMPTY_BODY = YES;
				CLANG_WARN_ENUM_CONVERSION = YES;
				CLANG_WARN_INFINITE_RECURSION = YES;
				CLANG_WARN_INT_CONVERSION = YES;
				CLANG_WARN_NON_LITERAL_NULL_CONVERSION = YES;
				CLANG_WARN_OBJC_IMPLICIT_RETAIN_SELF = YES;
				CLANG_WARN_OBJC_LITERAL_CONVERSION = YES;
				CLANG_WARN_OBJC_ROOT_CLASS = YES_ERROR;
				CLANG_WARN_QUOTED_INCLUDE_IN_FRAMEWORK_HEADER = YES;
				CLANG_WARN_RANGE_LOOP_ANALYSIS = YES;
				CLANG_WARN_STRICT_PROTOTYPES = YES;
				CLANG_WARN_SUSPICIOUS_MOVE = YES;
				CLANG_WARN_UNGUARDED_AVAILABILITY = YES_AGGRESSIVE;
				CLANG_WARN_UNREACHABLE_CODE = YES;
				CLANG_WARN__DUPLICATE_METHOD_MATCH = YES;
				COPY_PHASE_STRIP = NO;
				DEBUG_INFORMATION_FORMAT = "dwarf-with-dsym";
				ENABLE_NS_ASSERTIONS = NO;
				ENABLE_STRICT_OBJC_MSGSEND = YES;
				GCC_C_LANGUAGE_STANDARD = gnu11;
				GCC_NO_COMMON_BLOCKS = YES;
				GCC_WARN_64_TO_32_BIT_CONVERSION = YES;
				GCC_WARN_ABOUT_RETURN_TYPE = YES_ERROR;
				GCC_WARN_UNDECLARED_SELECTOR = YES;
				GCC_WARN_UNINITIALIZED_AUTOS = YES_AGGRESSIVE;
				GCC_WARN_UNUSED_FUNCTION = YES;
				GCC_WARN_UNUSED_VARIABLE = YES;
				IPHONEOS_DEPLOYMENT_TARGET = 16.4;
				MTL_ENABLE_DEBUG_INFO = NO;
				MTL_FAST_MATH = YES;
				SDKROOT = iphoneos;
				SWIFT_COMPILATION_MODE = wholemodule;
				SWIFT_OPTIMIZATION_LEVEL = "-O";
				VALIDATE_PRODUCT = YES;
			};
			name = Release;
		};
		373F25CA2A69FE1F0009F1AA /* Debug */ = {
			isa = XCBuildConfiguration;
			buildSettings = {
				ASSETCATALOG_COMPILER_APPICON_NAME = AppIcon;
				ASSETCATALOG_COMPILER_GLOBAL_ACCENT_COLOR_NAME = AccentColor;
				CODE_SIGN_STYLE = Automatic;
				CURRENT_PROJECT_VERSION = 1;
				DEVELOPMENT_TEAM = NW3H7K8PN7;
				GENERATE_INFOPLIST_FILE = YES;
				INFOPLIST_FILE = "vip-c/Info.plist";
				INFOPLIST_KEY_UIApplicationSupportsIndirectInputEvents = YES;
				INFOPLIST_KEY_UILaunchStoryboardName = LaunchScreen;
				INFOPLIST_KEY_UIMainStoryboardFile = Main;
				INFOPLIST_KEY_UISupportedInterfaceOrientations_iPad = "UIInterfaceOrientationPortrait UIInterfaceOrientationPortraitUpsideDown UIInterfaceOrientationLandscapeLeft UIInterfaceOrientationLandscapeRight";
				INFOPLIST_KEY_UISupportedInterfaceOrientations_iPhone = "UIInterfaceOrientationPortrait UIInterfaceOrientationLandscapeLeft UIInterfaceOrientationLandscapeRight";
				LD_RUNPATH_SEARCH_PATHS = (
					"$(inherited)",
					"@executable_path/Frameworks",
				);
				MARKETING_VERSION = 1.0;
				PRODUCT_BUNDLE_IDENTIFIER = "com.thiagoleite.FirstApp.vip-c";
				PRODUCT_NAME = "$(TARGET_NAME)";
				SWIFT_EMIT_LOC_STRINGS = YES;
				SWIFT_VERSION = 5.0;
				TARGETED_DEVICE_FAMILY = "1,2";
			};
			name = Debug;
		};
		373F25CB2A69FE1F0009F1AA /* Release */ = {
			isa = XCBuildConfiguration;
			buildSettings = {
				ASSETCATALOG_COMPILER_APPICON_NAME = AppIcon;
				ASSETCATALOG_COMPILER_GLOBAL_ACCENT_COLOR_NAME = AccentColor;
				CODE_SIGN_STYLE = Automatic;
				CURRENT_PROJECT_VERSION = 1;
				DEVELOPMENT_TEAM = NW3H7K8PN7;
				GENERATE_INFOPLIST_FILE = YES;
				INFOPLIST_FILE = "vip-c/Info.plist";
				INFOPLIST_KEY_UIApplicationSupportsIndirectInputEvents = YES;
				INFOPLIST_KEY_UILaunchStoryboardName = LaunchScreen;
				INFOPLIST_KEY_UIMainStoryboardFile = Main;
				INFOPLIST_KEY_UISupportedInterfaceOrientations_iPad = "UIInterfaceOrientationPortrait UIInterfaceOrientationPortraitUpsideDown UIInterfaceOrientationLandscapeLeft UIInterfaceOrientationLandscapeRight";
				INFOPLIST_KEY_UISupportedInterfaceOrientations_iPhone = "UIInterfaceOrientationPortrait UIInterfaceOrientationLandscapeLeft UIInterfaceOrientationLandscapeRight";
				LD_RUNPATH_SEARCH_PATHS = (
					"$(inherited)",
					"@executable_path/Frameworks",
				);
				MARKETING_VERSION = 1.0;
				PRODUCT_BUNDLE_IDENTIFIER = "com.thiagoleite.FirstApp.vip-c";
				PRODUCT_NAME = "$(TARGET_NAME)";
				SWIFT_EMIT_LOC_STRINGS = YES;
				SWIFT_VERSION = 5.0;
				TARGETED_DEVICE_FAMILY = "1,2";
			};
			name = Release;
		};
		373F25CD2A69FE1F0009F1AA /* Debug */ = {
			isa = XCBuildConfiguration;
			buildSettings = {
				ALWAYS_EMBED_SWIFT_STANDARD_LIBRARIES = YES;
				BUNDLE_LOADER = "$(TEST_HOST)";
				CODE_SIGN_STYLE = Automatic;
				CURRENT_PROJECT_VERSION = 1;
				DEVELOPMENT_TEAM = NW3H7K8PN7;
				GENERATE_INFOPLIST_FILE = YES;
				IPHONEOS_DEPLOYMENT_TARGET = 16.4;
				MARKETING_VERSION = 1.0;
				PRODUCT_BUNDLE_IDENTIFIER = "com.thiagoleite.FirstApp.vip-cTests";
				PRODUCT_NAME = "$(TARGET_NAME)";
				SWIFT_EMIT_LOC_STRINGS = NO;
				SWIFT_VERSION = 5.0;
				TARGETED_DEVICE_FAMILY = "1,2";
				TEST_HOST = "$(BUILT_PRODUCTS_DIR)/vip-c.app/$(BUNDLE_EXECUTABLE_FOLDER_PATH)/vip-c";
			};
			name = Debug;
		};
		373F25CE2A69FE1F0009F1AA /* Release */ = {
			isa = XCBuildConfiguration;
			buildSettings = {
				ALWAYS_EMBED_SWIFT_STANDARD_LIBRARIES = YES;
				BUNDLE_LOADER = "$(TEST_HOST)";
				CODE_SIGN_STYLE = Automatic;
				CURRENT_PROJECT_VERSION = 1;
				DEVELOPMENT_TEAM = NW3H7K8PN7;
				GENERATE_INFOPLIST_FILE = YES;
				IPHONEOS_DEPLOYMENT_TARGET = 16.4;
				MARKETING_VERSION = 1.0;
				PRODUCT_BUNDLE_IDENTIFIER = "com.thiagoleite.FirstApp.vip-cTests";
				PRODUCT_NAME = "$(TARGET_NAME)";
				SWIFT_EMIT_LOC_STRINGS = NO;
				SWIFT_VERSION = 5.0;
				TARGETED_DEVICE_FAMILY = "1,2";
				TEST_HOST = "$(BUILT_PRODUCTS_DIR)/vip-c.app/$(BUNDLE_EXECUTABLE_FOLDER_PATH)/vip-c";
			};
			name = Release;
		};
		373F25D02A69FE1F0009F1AA /* Debug */ = {
			isa = XCBuildConfiguration;
			buildSettings = {
				ALWAYS_EMBED_SWIFT_STANDARD_LIBRARIES = YES;
				CODE_SIGN_STYLE = Automatic;
				CURRENT_PROJECT_VERSION = 1;
				DEVELOPMENT_TEAM = NW3H7K8PN7;
				GENERATE_INFOPLIST_FILE = YES;
				MARKETING_VERSION = 1.0;
				PRODUCT_BUNDLE_IDENTIFIER = "com.thiagoleite.FirstApp.vip-cUITests";
				PRODUCT_NAME = "$(TARGET_NAME)";
				SWIFT_EMIT_LOC_STRINGS = NO;
				SWIFT_VERSION = 5.0;
				TARGETED_DEVICE_FAMILY = "1,2";
				TEST_TARGET_NAME = "vip-c";
			};
			name = Debug;
		};
		373F25D12A69FE1F0009F1AA /* Release */ = {
			isa = XCBuildConfiguration;
			buildSettings = {
				ALWAYS_EMBED_SWIFT_STANDARD_LIBRARIES = YES;
				CODE_SIGN_STYLE = Automatic;
				CURRENT_PROJECT_VERSION = 1;
				DEVELOPMENT_TEAM = NW3H7K8PN7;
				GENERATE_INFOPLIST_FILE = YES;
				MARKETING_VERSION = 1.0;
				PRODUCT_BUNDLE_IDENTIFIER = "com.thiagoleite.FirstApp.vip-cUITests";
				PRODUCT_NAME = "$(TARGET_NAME)";
				SWIFT_EMIT_LOC_STRINGS = NO;
				SWIFT_VERSION = 5.0;
				TARGETED_DEVICE_FAMILY = "1,2";
				TEST_TARGET_NAME = "vip-c";
			};
			name = Release;
		};
/* End XCBuildConfiguration section */

/* Begin XCConfigurationList section */
		373F259A2A69FE1E0009F1AA /* Build configuration list for PBXProject "vip-c" */ = {
			isa = XCConfigurationList;
			buildConfigurations = (
				373F25C72A69FE1F0009F1AA /* Debug */,
				373F25C82A69FE1F0009F1AA /* Release */,
			);
			defaultConfigurationIsVisible = 0;
			defaultConfigurationName = Release;
		};
		373F25C92A69FE1F0009F1AA /* Build configuration list for PBXNativeTarget "vip-c" */ = {
			isa = XCConfigurationList;
			buildConfigurations = (
				373F25CA2A69FE1F0009F1AA /* Debug */,
				373F25CB2A69FE1F0009F1AA /* Release */,
			);
			defaultConfigurationIsVisible = 0;
			defaultConfigurationName = Release;
		};
		373F25CC2A69FE1F0009F1AA /* Build configuration list for PBXNativeTarget "vip-cTests" */ = {
			isa = XCConfigurationList;
			buildConfigurations = (
				373F25CD2A69FE1F0009F1AA /* Debug */,
				373F25CE2A69FE1F0009F1AA /* Release */,
			);
			defaultConfigurationIsVisible = 0;
			defaultConfigurationName = Release;
		};
		373F25CF2A69FE1F0009F1AA /* Build configuration list for PBXNativeTarget "vip-cUITests" */ = {
			isa = XCConfigurationList;
			buildConfigurations = (
				373F25D02A69FE1F0009F1AA /* Debug */,
				373F25D12A69FE1F0009F1AA /* Release */,
			);
			defaultConfigurationIsVisible = 0;
			defaultConfigurationName = Release;
		};
/* End XCConfigurationList section */
	};
	rootObject = 373F25972A69FE1E0009F1AA /* Project object */;
}
